
Microsoft Visual Studio Solution File, Format Version 12.00
# Visual Studio Version 16
VisualStudioVersion = 16.0.32602.291
MinimumVisualStudioVersion = 10.0.40219.1
Project("{FAE04EC0-301F-11D3-BF4B-00C04F79EFBC}") = "APISUL_Resposta", "APISUL_Resposta\APISUL_Resposta.csproj", "{F79449BF-C52F-418C-8ED9-99E9BFE937F1}"
EndProject
Global
	GlobalSection(SolutionConfigurationPlatforms) = preSolution
		Debug|Any CPU = Debug|Any CPU
		Release|Any CPU = Release|Any CPU
	EndGlobalSection
	GlobalSection(ProjectConfigurationPlatforms) = postSolution
		{F79449BF-C52F-418C-8ED9-99E9BFE937F1}.Debug|Any CPU.ActiveCfg = Debug|Any CPU
		{F79449BF-C52F-418C-8ED9-99E9BFE937F1}.Debug|Any CPU.Build.0 = Debug|Any CPU
		{F79449BF-C52F-418C-8ED9-99E9BFE937F1}.Release|Any CPU.ActiveCfg = Release|Any CPU
		{F79449BF-C52F-418C-8ED9-99E9BFE937F1}.Release|Any CPU.Build.0 = Release|Any CPU
	EndGlobalSection
	GlobalSection(SolutionProperties) = preSolution
		HideSolutionNode = FALSE
	EndGlobalSection
	GlobalSection(ExtensibilityGlobals) = postSolution
		SolutionGuid = {F8FA702D-60CF-4D5E-BC9B-959D867E2E2E}
	EndGlobalSection
EndGlobal
